
Microsoft Visual Studio Solution File, Format Version 12.00
# Visual Studio Version 17
VisualStudioVersion = 17.7.34003.232
MinimumVisualStudioVersion = 10.0.40219.1
Project("{FAE04EC0-301F-11D3-BF4B-00C04F79EFBC}") = "Onyxalis", "Onyxalis\Onyxalis.csproj", "{9DCBE22E-C4C4-4EF2-8ADD-D59025CF88F1}"
EndProject
Global
	GlobalSection(SolutionConfigurationPlatforms) = preSolution
		Debug|Any CPU = Debug|Any CPU
		Release|Any CPU = Release|Any CPU
	EndGlobalSection
	GlobalSection(ProjectConfigurationPlatforms) = postSolution
		{9DCBE22E-C4C4-4EF2-8ADD-D59025CF88F1}.Debug|Any CPU.ActiveCfg = Debug|Any CPU
		{9DCBE22E-C4C4-4EF2-8ADD-D59025CF88F1}.Debug|Any CPU.Build.0 = Debug|Any CPU
		{9DCBE22E-C4C4-4EF2-8ADD-D59025CF88F1}.Release|Any CPU.ActiveCfg = Release|Any CPU
		{9DCBE22E-C4C4-4EF2-8ADD-D59025CF88F1}.Release|Any CPU.Build.0 = Release|Any CPU
	EndGlobalSection
	GlobalSection(SolutionProperties) = preSolution
		HideSolutionNode = FALSE
	EndGlobalSection
	GlobalSection(ExtensibilityGlobals) = postSolution
		SolutionGuid = {3674556D-A29A-4639-BD66-F2D975393673}
	EndGlobalSection
EndGlobal
